
Microsoft Visual Studio Solution File, Format Version 12.00
# Visual Studio Version 17
VisualStudioVersion = 17.9.34607.119
MinimumVisualStudioVersion = 10.0.40219.1
Project("{FAE04EC0-301F-11D3-BF4B-00C04F79EFBC}") = "Lunavex.Result", "Lunavex.Result.csproj", "{0533A5EA-8D75-4E19-8F95-FAC89C803ACB}"
EndProject
Global
	GlobalSection(SolutionConfigurationPlatforms) = preSolution
		Debug|Any CPU = Debug|Any CPU
		Release|Any CPU = Release|Any CPU
	EndGlobalSection
	GlobalSection(ProjectConfigurationPlatforms) = postSolution
		{0533A5EA-8D75-4E19-8F95-FAC89C803ACB}.Debug|Any CPU.ActiveCfg = Debug|Any CPU
		{0533A5EA-8D75-4E19-8F95-FAC89C803ACB}.Debug|Any CPU.Build.0 = Debug|Any CPU
		{0533A5EA-8D75-4E19-8F95-FAC89C803ACB}.Release|Any CPU.ActiveCfg = Release|Any CPU
		{0533A5EA-8D75-4E19-8F95-FAC89C803ACB}.Release|Any CPU.Build.0 = Release|Any CPU
	EndGlobalSection
	GlobalSection(SolutionProperties) = preSolution
		HideSolutionNode = FALSE
	EndGlobalSection
	GlobalSection(ExtensibilityGlobals) = postSolution
		SolutionGuid = {6C16ACFC-3558-4563-9653-D460612552E0}
	EndGlobalSection
EndGlobal
